{
  "name": "ui-components",
  "version": "1.0.0",
  "lockfileVersion": 1,
  "requires": true,
  "dependencies": {
    "npm-build-boilerplate": {
      "version": "2.0.0",
      "resolved": "https://registry.npmjs.org/npm-build-boilerplate/-/npm-build-boilerplate-2.0.0.tgz",
      "integrity": "sha512-mFwWEU147w0f0VIxzn9TtvSMjftxrdOyKwjW9PXhznIMjeWVtlVUCq8zaBwfKJEmcS+hT593y60FwOLxw9HH9Q=="
    }
  }
}
